
Microsoft Visual Studio Solution File, Format Version 12.00
# Visual Studio Version 16
VisualStudioVersion = 16.0.30002.166
MinimumVisualStudioVersion = 10.0.40219.1
Project("{2150E333-8FDC-42A3-9474-1A3956D46DE8}") = "Services", "Services", "{5BA1AEDE-5AFA-467B-8D66-495A2ADE16C0}"
EndProject
Project("{2150E333-8FDC-42A3-9474-1A3956D46DE8}") = "Building Blocks", "Building Blocks", "{3BED556D-9806-4C7C-B8E1-E6F5BCDEB3B0}"
EndProject
Project("{2150E333-8FDC-42A3-9474-1A3956D46DE8}") = "Identidade", "Identidade", "{49F1841A-296A-4E11-8B57-E4B01ADE2A8E}"
EndProject
Project("{9A19103F-16F7-4668-BE54-9A1E7A4F7556}") = "NSE.Identidade.API", "src\services\NSE.Identidade.API\NSE.Identidade.API.csproj", "{A98F5838-BB6B-4DFD-86DB-0BDC5E3E8520}"
EndProject
Project("{2150E333-8FDC-42A3-9474-1A3956D46DE8}") = "Core", "Core", "{579AAC29-6890-47A0-9BBC-10739BDA2781}"
EndProject
Project("{9A19103F-16F7-4668-BE54-9A1E7A4F7556}") = "NSE.Core", "src\building blocks\NSE.Core\NSE.Core.csproj", "{72B95A7C-7FB3-4589-B0B3-4DA58E1B969C}"
EndProject
Project("{2150E333-8FDC-42A3-9474-1A3956D46DE8}") = "Carrinho", "Carrinho", "{22577542-AAEB-4A95-900D-C2231F8382E0}"
EndProject
Project("{9A19103F-16F7-4668-BE54-9A1E7A4F7556}") = "NSE.Carrinho.API", "src\services\NSE.Carrinho.API\NSE.Carrinho.API.csproj", "{A1EEB01F-2222-4BED-BFEF-84A2B6D35108}"
EndProject
Project("{2150E333-8FDC-42A3-9474-1A3956D46DE8}") = "Catalogo", "Catalogo", "{FE7E79A8-D0C0-4A3F-9D45-27C1F9CF1119}"
EndProject
Project("{9A19103F-16F7-4668-BE54-9A1E7A4F7556}") = "NSE.Catalogo.API", "src\services\NSE.Catalogo.API\NSE.Catalogo.API.csproj", "{16DB1021-B40F-4356-B8C8-ED03E84C2588}"
EndProject
Project("{2150E333-8FDC-42A3-9474-1A3956D46DE8}") = "Cliente", "Cliente", "{BAA8243A-22E2-413A-BB47-3EBDCE6822AA}"
EndProject
Project("{2150E333-8FDC-42A3-9474-1A3956D46DE8}") = "Pagamento", "Pagamento", "{C86F4DDE-3C3F-4EA4-85C3-DE57118395A3}"
EndProject
Project("{9A19103F-16F7-4668-BE54-9A1E7A4F7556}") = "NSE.Pagamento.API", "src\services\NSE.Pagamento.API\NSE.Pagamento.API.csproj", "{9FACE78F-A81B-43FC-9FB7-F81AE901E54C}"
EndProject
Project("{2150E333-8FDC-42A3-9474-1A3956D46DE8}") = "Pedido", "Pedido", "{9F1919DB-A37B-42FF-914E-F8582EE4E0EC}"
EndProject
Project("{9A19103F-16F7-4668-BE54-9A1E7A4F7556}") = "NSE.Pedido.API", "src\services\NSE.Pedido.API\NSE.Pedido.API.csproj", "{44676135-9F3C-477C-BCB0-5BDD7EA52EBB}"
EndProject
Project("{2150E333-8FDC-42A3-9474-1A3956D46DE8}") = "Services", "Services", "{936FBF3E-14CC-4C42-B604-FB7D364C6F4D}"
EndProject
Project("{9A19103F-16F7-4668-BE54-9A1E7A4F7556}") = "NSE.WebApi.Core", "src\building blocks\NSE.WebApi.Core\NSE.WebApi.Core.csproj", "{7C909826-E210-4841-9BB7-B7E0B07A60BA}"
EndProject
Project("{2150E333-8FDC-42A3-9474-1A3956D46DE8}") = "Web", "Web", "{709D3A4D-6BED-47A4-A75A-4319B8286C23}"
EndProject
Project("{9A19103F-16F7-4668-BE54-9A1E7A4F7556}") = "NSE.WebApp.MVC", "src\web\NSE.WebApp.MVC\NSE.WebApp.MVC.csproj", "{6B40DB1B-704C-40A1-B16E-85C5D81876D9}"
EndProject
Project("{9A19103F-16F7-4668-BE54-9A1E7A4F7556}") = "NSE.Clientes.API", "src\services\NSE.Cliente.API\NSE.Clientes.API\NSE.Clientes.API.csproj", "{519925AF-C3DB-4D49-8600-0883643EB850}"
EndProject
Project("{2150E333-8FDC-42A3-9474-1A3956D46DE8}") = "MessageBus", "MessageBus", "{4DB744C7-2000-48C7-B361-046E173C1C1E}"
EndProject
Project("{FAE04EC0-301F-11D3-BF4B-00C04F79EFBC}") = "NSE.MessageBus", "src\building blocks\NSE.MessageBus\NSE.MessageBus.csproj", "{F97A9DB5-2693-4BA9-BAA7-A5AFFE32B2FB}"
EndProject
Global
	GlobalSection(SolutionConfigurationPlatforms) = preSolution
		Debug|Any CPU = Debug|Any CPU
		Release|Any CPU = Release|Any CPU
	EndGlobalSection
	GlobalSection(ProjectConfigurationPlatforms) = postSolution
		{A98F5838-BB6B-4DFD-86DB-0BDC5E3E8520}.Debug|Any CPU.ActiveCfg = Debug|Any CPU
		{A98F5838-BB6B-4DFD-86DB-0BDC5E3E8520}.Debug|Any CPU.Build.0 = Debug|Any CPU
		{A98F5838-BB6B-4DFD-86DB-0BDC5E3E8520}.Release|Any CPU.ActiveCfg = Release|Any CPU
		{A98F5838-BB6B-4DFD-86DB-0BDC5E3E8520}.Release|Any CPU.Build.0 = Release|Any CPU
		{72B95A7C-7FB3-4589-B0B3-4DA58E1B969C}.Debug|Any CPU.ActiveCfg = Debug|Any CPU
		{72B95A7C-7FB3-4589-B0B3-4DA58E1B969C}.Debug|Any CPU.Build.0 = Debug|Any CPU
		{72B95A7C-7FB3-4589-B0B3-4DA58E1B969C}.Release|Any CPU.ActiveCfg = Release|Any CPU
		{72B95A7C-7FB3-4589-B0B3-4DA58E1B969C}.Release|Any CPU.Build.0 = Release|Any CPU
		{A1EEB01F-2222-4BED-BFEF-84A2B6D35108}.Debug|Any CPU.ActiveCfg = Debug|Any CPU
		{A1EEB01F-2222-4BED-BFEF-84A2B6D35108}.Debug|Any CPU.Build.0 = Debug|Any CPU
		{A1EEB01F-2222-4BED-BFEF-84A2B6D35108}.Release|Any CPU.ActiveCfg = Release|Any CPU
		{A1EEB01F-2222-4BED-BFEF-84A2B6D35108}.Release|Any CPU.Build.0 = Release|Any CPU
		{16DB1021-B40F-4356-B8C8-ED03E84C2588}.Debug|Any CPU.ActiveCfg = Debug|Any CPU
		{16DB1021-B40F-4356-B8C8-ED03E84C2588}.Debug|Any CPU.Build.0 = Debug|Any CPU
		{16DB1021-B40F-4356-B8C8-ED03E84C2588}.Release|Any CPU.ActiveCfg = Release|Any CPU
		{16DB1021-B40F-4356-B8C8-ED03E84C2588}.Release|Any CPU.Build.0 = Release|Any CPU
		{9FACE78F-A81B-43FC-9FB7-F81AE901E54C}.Debug|Any CPU.ActiveCfg = Debug|Any CPU
		{9FACE78F-A81B-43FC-9FB7-F81AE901E54C}.Debug|Any CPU.Build.0 = Debug|Any CPU
		{9FACE78F-A81B-43FC-9FB7-F81AE901E54C}.Release|Any CPU.ActiveCfg = Release|Any CPU
		{9FACE78F-A81B-43FC-9FB7-F81AE901E54C}.Release|Any CPU.Build.0 = Release|Any CPU
		{44676135-9F3C-477C-BCB0-5BDD7EA52EBB}.Debug|Any CPU.ActiveCfg = Debug|Any CPU
		{44676135-9F3C-477C-BCB0-5BDD7EA52EBB}.Debug|Any CPU.Build.0 = Debug|Any CPU
		{44676135-9F3C-477C-BCB0-5BDD7EA52EBB}.Release|Any CPU.ActiveCfg = Release|Any CPU
		{44676135-9F3C-477C-BCB0-5BDD7EA52EBB}.Release|Any CPU.Build.0 = Release|Any CPU
		{7C909826-E210-4841-9BB7-B7E0B07A60BA}.Debug|Any CPU.ActiveCfg = Debug|Any CPU
		{7C909826-E210-4841-9BB7-B7E0B07A60BA}.Debug|Any CPU.Build.0 = Debug|Any CPU
		{7C909826-E210-4841-9BB7-B7E0B07A60BA}.Release|Any CPU.ActiveCfg = Release|Any CPU
		{7C909826-E210-4841-9BB7-B7E0B07A60BA}.Release|Any CPU.Build.0 = Release|Any CPU
		{6B40DB1B-704C-40A1-B16E-85C5D81876D9}.Debug|Any CPU.ActiveCfg = Debug|Any CPU
		{6B40DB1B-704C-40A1-B16E-85C5D81876D9}.Debug|Any CPU.Build.0 = Debug|Any CPU
		{6B40DB1B-704C-40A1-B16E-85C5D81876D9}.Release|Any CPU.ActiveCfg = Release|Any CPU
		{6B40DB1B-704C-40A1-B16E-85C5D81876D9}.Release|Any CPU.Build.0 = Release|Any CPU
		{519925AF-C3DB-4D49-8600-0883643EB850}.Debug|Any CPU.ActiveCfg = Debug|Any CPU
		{519925AF-C3DB-4D49-8600-0883643EB850}.Debug|Any CPU.Build.0 = Debug|Any CPU
		{519925AF-C3DB-4D49-8600-0883643EB850}.Release|Any CPU.ActiveCfg = Release|Any CPU
		{519925AF-C3DB-4D49-8600-0883643EB850}.Release|Any CPU.Build.0 = Release|Any CPU
		{F97A9DB5-2693-4BA9-BAA7-A5AFFE32B2FB}.Debug|Any CPU.ActiveCfg = Debug|Any CPU
		{F97A9DB5-2693-4BA9-BAA7-A5AFFE32B2FB}.Debug|Any CPU.Build.0 = Debug|Any CPU
		{F97A9DB5-2693-4BA9-BAA7-A5AFFE32B2FB}.Release|Any CPU.ActiveCfg = Release|Any CPU
		{F97A9DB5-2693-4BA9-BAA7-A5AFFE32B2FB}.Release|Any CPU.Build.0 = Release|Any CPU
	EndGlobalSection
	GlobalSection(SolutionProperties) = preSolution
		HideSolutionNode = FALSE
	EndGlobalSection
	GlobalSection(NestedProjects) = preSolution
		{49F1841A-296A-4E11-8B57-E4B01ADE2A8E} = {5BA1AEDE-5AFA-467B-8D66-495A2ADE16C0}
		{A98F5838-BB6B-4DFD-86DB-0BDC5E3E8520} = {49F1841A-296A-4E11-8B57-E4B01ADE2A8E}
		{579AAC29-6890-47A0-9BBC-10739BDA2781} = {3BED556D-9806-4C7C-B8E1-E6F5BCDEB3B0}
		{72B95A7C-7FB3-4589-B0B3-4DA58E1B969C} = {579AAC29-6890-47A0-9BBC-10739BDA2781}
		{22577542-AAEB-4A95-900D-C2231F8382E0} = {5BA1AEDE-5AFA-467B-8D66-495A2ADE16C0}
		{A1EEB01F-2222-4BED-BFEF-84A2B6D35108} = {22577542-AAEB-4A95-900D-C2231F8382E0}
		{FE7E79A8-D0C0-4A3F-9D45-27C1F9CF1119} = {5BA1AEDE-5AFA-467B-8D66-495A2ADE16C0}
		{16DB1021-B40F-4356-B8C8-ED03E84C2588} = {FE7E79A8-D0C0-4A3F-9D45-27C1F9CF1119}
		{BAA8243A-22E2-413A-BB47-3EBDCE6822AA} = {5BA1AEDE-5AFA-467B-8D66-495A2ADE16C0}
		{C86F4DDE-3C3F-4EA4-85C3-DE57118395A3} = {5BA1AEDE-5AFA-467B-8D66-495A2ADE16C0}
		{9FACE78F-A81B-43FC-9FB7-F81AE901E54C} = {C86F4DDE-3C3F-4EA4-85C3-DE57118395A3}
		{9F1919DB-A37B-42FF-914E-F8582EE4E0EC} = {5BA1AEDE-5AFA-467B-8D66-495A2ADE16C0}
		{44676135-9F3C-477C-BCB0-5BDD7EA52EBB} = {9F1919DB-A37B-42FF-914E-F8582EE4E0EC}
		{936FBF3E-14CC-4C42-B604-FB7D364C6F4D} = {3BED556D-9806-4C7C-B8E1-E6F5BCDEB3B0}
		{7C909826-E210-4841-9BB7-B7E0B07A60BA} = {936FBF3E-14CC-4C42-B604-FB7D364C6F4D}
		{6B40DB1B-704C-40A1-B16E-85C5D81876D9} = {709D3A4D-6BED-47A4-A75A-4319B8286C23}
		{519925AF-C3DB-4D49-8600-0883643EB850} = {BAA8243A-22E2-413A-BB47-3EBDCE6822AA}
		{4DB744C7-2000-48C7-B361-046E173C1C1E} = {3BED556D-9806-4C7C-B8E1-E6F5BCDEB3B0}
		{F97A9DB5-2693-4BA9-BAA7-A5AFFE32B2FB} = {4DB744C7-2000-48C7-B361-046E173C1C1E}
	EndGlobalSection
	GlobalSection(ExtensibilityGlobals) = postSolution
		SolutionGuid = {519048EA-31EC-422A-A49A-6FE7901A170F}
	EndGlobalSection
EndGlobal
